
Microsoft Visual Studio Solution File, Format Version 12.00
# Visual Studio 15
VisualStudioVersion = 15.0.26730.12
MinimumVisualStudioVersion = 10.0.40219.1
Project("{8BC9CEB8-8B4A-11D0-8D11-00A0C91BC942}") = "lsusb", "lsusb\lsusb.vcxproj", "{91EF2CCA-600F-4D38-AF49-017676C34A06}"
EndProject
Global
	GlobalSection(SolutionConfigurationPlatforms) = preSolution
		Debug|x64 = Debug|x64
		Debug|x86 = Debug|x86
		Release|x64 = Release|x64
		Release|x86 = Release|x86
	EndGlobalSection
	GlobalSection(ProjectConfigurationPlatforms) = postSolution
		{91EF2CCA-600F-4D38-AF49-017676C34A06}.Debug|x64.ActiveCfg = Debug|x64
		{91EF2CCA-600F-4D38-AF49-017676C34A06}.Debug|x64.Build.0 = Debug|x64
		{91EF2CCA-600F-4D38-AF49-017676C34A06}.Debug|x86.ActiveCfg = Debug|Win32
		{91EF2CCA-600F-4D38-AF49-017676C34A06}.Debug|x86.Build.0 = Debug|Win32
		{91EF2CCA-600F-4D38-AF49-017676C34A06}.Release|x64.ActiveCfg = Release|x64
		{91EF2CCA-600F-4D38-AF49-017676C34A06}.Release|x64.Build.0 = Release|x64
		{91EF2CCA-600F-4D38-AF49-017676C34A06}.Release|x86.ActiveCfg = Release|Win32
		{91EF2CCA-600F-4D38-AF49-017676C34A06}.Release|x86.Build.0 = Release|Win32
	EndGlobalSection
	GlobalSection(SolutionProperties) = preSolution
		HideSolutionNode = FALSE
	EndGlobalSection
	GlobalSection(ExtensibilityGlobals) = postSolution
		SolutionGuid = {849FCC35-9BAA-459B-BF19-A7FB6EB87761}
	EndGlobalSection
EndGlobal
